
Microsoft Visual Studio Solution File, Format Version 12.00
# Visual Studio Version 17
VisualStudioVersion = 17.1.32319.34
MinimumVisualStudioVersion = 10.0.40219.1
Project("{9A19103F-16F7-4668-BE54-9A1E7A4F7556}") = "TwitchNotifier", "TwitchDropChecker\TwitchNotifier.csproj", "{77682556-DEDC-47E7-8552-983DF0FB0965}"
EndProject
Global
	GlobalSection(SolutionConfigurationPlatforms) = preSolution
		Debug|Any CPU = Debug|Any CPU
		Release|Any CPU = Release|Any CPU
	EndGlobalSection
	GlobalSection(ProjectConfigurationPlatforms) = postSolution
		{77682556-DEDC-47E7-8552-983DF0FB0965}.Debug|Any CPU.ActiveCfg = Debug|Any CPU
		{77682556-DEDC-47E7-8552-983DF0FB0965}.Debug|Any CPU.Build.0 = Debug|Any CPU
		{77682556-DEDC-47E7-8552-983DF0FB0965}.Release|Any CPU.ActiveCfg = Release|Any CPU
		{77682556-DEDC-47E7-8552-983DF0FB0965}.Release|Any CPU.Build.0 = Release|Any CPU
	EndGlobalSection
	GlobalSection(SolutionProperties) = preSolution
		HideSolutionNode = FALSE
	EndGlobalSection
	GlobalSection(ExtensibilityGlobals) = postSolution
		SolutionGuid = {3211A099-6B80-4FBE-83C9-8D54D2C75304}
	EndGlobalSection
EndGlobal
